
Microsoft Visual Studio Solution File, Format Version 12.00
# Visual Studio Version 17
VisualStudioVersion = 17.0.31912.275
MinimumVisualStudioVersion = 10.0.40219.1
Project("{FAE04EC0-301F-11D3-BF4B-00C04F79EFBC}") = "KNN", "KNN.csproj", "{98F4688C-07D0-480E-8C3A-323A608353B9}"
EndProject
Global
	GlobalSection(SolutionConfigurationPlatforms) = preSolution
		Debug|Any CPU = Debug|Any CPU
		Release|Any CPU = Release|Any CPU
	EndGlobalSection
	GlobalSection(ProjectConfigurationPlatforms) = postSolution
		{98F4688C-07D0-480E-8C3A-323A608353B9}.Debug|Any CPU.ActiveCfg = Debug|Any CPU
		{98F4688C-07D0-480E-8C3A-323A608353B9}.Debug|Any CPU.Build.0 = Debug|Any CPU
		{98F4688C-07D0-480E-8C3A-323A608353B9}.Release|Any CPU.ActiveCfg = Release|Any CPU
		{98F4688C-07D0-480E-8C3A-323A608353B9}.Release|Any CPU.Build.0 = Release|Any CPU
	EndGlobalSection
	GlobalSection(SolutionProperties) = preSolution
		HideSolutionNode = FALSE
	EndGlobalSection
	GlobalSection(ExtensibilityGlobals) = postSolution
		SolutionGuid = {EB72EBAF-20CD-44FB-AD57-A69498ABE6F6}
	EndGlobalSection
EndGlobal
